PODS:
  - boost-for-react-native (1.63.0)
  - DoubleConversion (1.1.6)
  - FBLazyVector (0.63.3)
  - FBReactNativeSpec (0.63.3):
    - Folly (= 2020.01.13.00)
    - RCTRequired (= 0.63.3)
    - RCTTypeSafety (= 0.63.3)
    - React-Core (= 0.63.3)
    - React-jsi (= 0.63.3)
    - ReactCommon/turbomodule/core (= 0.63.3)
  - Folly (2020.01.13.00):
    - boost-for-react-native
    - DoubleConversion
    - Folly/Default (= 2020.01.13.00)
    - glog
  - Folly/Default (2020.01.13.00):
    - boost-for-react-native
    - DoubleConversion
    - glog
  - glog (0.3.5)
  - nodejs-mobile-react-native (0.6.2):
    - React-Core
  - RCTRequired (0.63.3)
  - RCTSystemSetting (1.7.5):
    - React-Core
  - RCTTypeSafety (0.63.3):
    - FBLazyVector (= 0.63.3)
    - Folly (= 2020.01.13.00)
    - RCTRequired (= 0.63.3)
    - React-Core (= 0.63.3)
  - React (0.63.3):
    - React-Core (= 0.63.3)
    - React-Core/DevSupport (= 0.63.3)
    - React-Core/RCTWebSocket (= 0.63.3)
    - React-RCTActionSheet (= 0.63.3)
    - React-RCTAnimation (= 0.63.3)
    - React-RCTBlob (= 0.63.3)
    - React-RCTImage (= 0.63.3)
    - React-RCTLinking (= 0.63.3)
    - React-RCTNetwork (= 0.63.3)
    - React-RCTSettings (= 0.63.3)
    - React-RCTText (= 0.63.3)
    - React-RCTVibration (= 0.63.3)
  - React-callinvoker (0.63.3)
  - React-Core (0.63.3):
    - Folly (= 2020.01.13.00)
    - glog
    - React-Core/Default (= 0.63.3)
    - React-cxxreact (= 0.63.3)
    - React-jsi (= 0.63.3)
    - React-jsiexecutor (= 0.63.3)
    - Yoga
  - React-Core/CoreModulesHeaders (0.63.3):
    - Folly (= 2020.01.13.00)
    - glog
    - React-Core/Default
    - React-cxxreact (= 0.63.3)
    - React-jsi (= 0.63.3)
    - React-jsiexecutor (= 0.63.3)
    - Yoga
  - React-Core/Default (0.63.3):
    - Folly (= 2020.01.13.00)
    - glog
    - React-cxxreact (= 0.63.3)
    - React-jsi (= 0.63.3)
    - React-jsiexecutor (= 0.63.3)
    - Yoga
  - React-Core/DevSupport (0.63.3):
    - Folly (= 2020.01.13.00)
    - glog
    - React-Core/Default (= 0.63.3)
    - React-Core/RCTWebSocket (= 0.63.3)
    - React-cxxreact (= 0.63.3)
    - React-jsi (= 0.63.3)
    - React-jsiexecutor (= 0.63.3)
    - React-jsinspector (= 0.63.3)
    - Yoga
  - React-Core/RCTActionSheetHeaders (0.63.3):
    - Folly (= 2020.01.13.00)
    - glog
    - React-Core/Default
    - React-cxxreact (= 0.63.3)
    - React-jsi (= 0.63.3)
    - React-jsiexecutor (= 0.63.3)
    - Yoga
  - React-Core/RCTAnimationHeaders (0.63.3):
    - Folly (= 2020.01.13.00)
    - glog
    - React-Core/Default
    - React-cxxreact (= 0.63.3)
    - React-jsi (= 0.63.3)
    - React-jsiexecutor (= 0.63.3)
    - Yoga
  - React-Core/RCTBlobHeaders (0.63.3):
    - Folly (= 2020.01.13.00)
    - glog
    - React-Core/Default
    - React-cxxreact (= 0.63.3)
    - React-jsi (= 0.63.3)
    - React-jsiexecutor (= 0.63.3)
    - Yoga
  - React-Core/RCTImageHeaders (0.63.3):
    - Folly (= 2020.01.13.00)
    - glog
    - React-Core/Default
    - React-cxxreact (= 0.63.3)
    - React-jsi (= 0.63.3)
    - React-jsiexecutor (= 0.63.3)
    - Yoga
  - React-Core/RCTLinkingHeaders (0.63.3):
    - Folly (= 2020.01.13.00)
    - glog
    - React-Core/Default
    - React-cxxreact (= 0.63.3)
    - React-jsi (= 0.63.3)
    - React-jsiexecutor (= 0.63.3)
    - Yoga
  - React-Core/RCTNetworkHeaders (0.63.3):
    - Folly (= 2020.01.13.00)
    - glog
    - React-Core/Default
    - React-cxxreact (= 0.63.3)
    - React-jsi (= 0.63.3)
    - React-jsiexecutor (= 0.63.3)
    - Yoga
  - React-Core/RCTSettingsHeaders (0.63.3):
    - Folly (= 2020.01.13.00)
    - glog
    - React-Core/Default
    - React-cxxreact (= 0.63.3)
    - React-jsi (= 0.63.3)
    - React-jsiexecutor (= 0.63.3)
    - Yoga
  - React-Core/RCTTextHeaders (0.63.3):
    - Folly (= 2020.01.13.00)
    - glog
    - React-Core/Default
    - React-cxxreact (= 0.63.3)
    - React-jsi (= 0.63.3)
    - React-jsiexecutor (= 0.63.3)
    - Yoga
  - React-Core/RCTVibrationHeaders (0.63.3):
    - Folly (= 2020.01.13.00)
    - glog
    - React-Core/Default
    - React-cxxreact (= 0.63.3)
    - React-jsi (= 0.63.3)
    - React-jsiexecutor (= 0.63.3)
    - Yoga
  - React-Core/RCTWebSocket (0.63.3):
    - Folly (= 2020.01.13.00)
    - glog
    - React-Core/Default (= 0.63.3)
    - React-cxxreact (= 0.63.3)
    - React-jsi (= 0.63.3)
    - React-jsiexecutor (= 0.63.3)
    - Yoga
  - React-CoreModules (0.63.3):
    - FBReactNativeSpec (= 0.63.3)
    - Folly (= 2020.01.13.00)
    - RCTTypeSafety (= 0.63.3)
    - React-Core/CoreModulesHeaders (= 0.63.3)
    - React-jsi (= 0.63.3)
    - React-RCTImage (= 0.63.3)
    - ReactCommon/turbomodule/core (= 0.63.3)
  - React-cxxreact (0.63.3):
    - boost-for-react-native (= 1.63.0)
    - DoubleConversion
    - Folly (= 2020.01.13.00)
    - glog
    - React-callinvoker (= 0.63.3)
    - React-jsinspector (= 0.63.3)
  - React-jsi (0.63.3):
    - boost-for-react-native (= 1.63.0)
    - DoubleConversion
    - Folly (= 2020.01.13.00)
    - glog
    - React-jsi/Default (= 0.63.3)
  - React-jsi/Default (0.63.3):
    - boost-for-react-native (= 1.63.0)
    - DoubleConversion
    - Folly (= 2020.01.13.00)
    - glog
  - React-jsiexecutor (0.63.3):
    - DoubleConversion
    - Folly (= 2020.01.13.00)
    - glog
    - React-cxxreact (= 0.63.3)
    - React-jsi (= 0.63.3)
  - React-jsinspector (0.63.3)
  - react-native-orientation-locker (1.3.1):
    - React-Core
  - react-native-slider (4.0.0-rc.2):
    - React-Core
  - react-native-splash-screen (3.2.0):
    - React-Core
  - React-RCTActionSheet (0.63.3):
    - React-Core/RCTActionSheetHeaders (= 0.63.3)
  - React-RCTAnimation (0.63.3):
    - FBReactNativeSpec (= 0.63.3)
    - Folly (= 2020.01.13.00)
    - RCTTypeSafety (= 0.63.3)
    - React-Core/RCTAnimationHeaders (= 0.63.3)
    - React-jsi (= 0.63.3)
    - ReactCommon/turbomodule/core (= 0.63.3)
  - React-RCTBlob (0.63.3):
    - FBReactNativeSpec (= 0.63.3)
    - Folly (= 2020.01.13.00)
    - React-Core/RCTBlobHeaders (= 0.63.3)
    - React-Core/RCTWebSocket (= 0.63.3)
    - React-jsi (= 0.63.3)
    - React-RCTNetwork (= 0.63.3)
    - ReactCommon/turbomodule/core (= 0.63.3)
  - React-RCTImage (0.63.3):
    - FBReactNativeSpec (= 0.63.3)
    - Folly (= 2020.01.13.00)
    - RCTTypeSafety (= 0.63.3)
    - React-Core/RCTImageHeaders (= 0.63.3)
    - React-jsi (= 0.63.3)
    - React-RCTNetwork (= 0.63.3)
    - ReactCommon/turbomodule/core (= 0.63.3)
  - React-RCTLinking (0.63.3):
    - FBReactNativeSpec (= 0.63.3)
    - React-Core/RCTLinkingHeaders (= 0.63.3)
    - React-jsi (= 0.63.3)
    - ReactCommon/turbomodule/core (= 0.63.3)
  - React-RCTNetwork (0.63.3):
    - FBReactNativeSpec (= 0.63.3)
    - Folly (= 2020.01.13.00)
    - RCTTypeSafety (= 0.63.3)
    - React-Core/RCTNetworkHeaders (= 0.63.3)
    - React-jsi (= 0.63.3)
    - ReactCommon/turbomodule/core (= 0.63.3)
  - React-RCTSettings (0.63.3):
    - FBReactNativeSpec (= 0.63.3)
    - Folly (= 2020.01.13.00)
    - RCTTypeSafety (= 0.63.3)
    - React-Core/RCTSettingsHeaders (= 0.63.3)
    - React-jsi (= 0.63.3)
    - ReactCommon/turbomodule/core (= 0.63.3)
  - React-RCTText (0.63.3):
    - React-Core/RCTTextHeaders (= 0.63.3)
  - React-RCTVibration (0.63.3):
    - FBReactNativeSpec (= 0.63.3)
    - Folly (= 2020.01.13.00)
    - React-Core/RCTVibrationHeaders (= 0.63.3)
    - React-jsi (= 0.63.3)
    - ReactCommon/turbomodule/core (= 0.63.3)
  - ReactCommon/turbomodule/core (0.63.3):
    - DoubleConversion
    - Folly (= 2020.01.13.00)
    - glog
    - React-callinvoker (= 0.63.3)
    - React-Core (= 0.63.3)
    - React-cxxreact (= 0.63.3)
    - React-jsi (= 0.63.3)
  - ReactNativeART (1.2.0):
    - React-Core
  - ReactNativeAudioToolkit (2.0.3-1):
    - React-Core
  - ReactNativeNavigation (7.2.0):
    - React-Core
    - React-RCTImage
    - React-RCTText
    - ReactNativeNavigation/Core (= 7.2.0)
  - ReactNativeNavigation/Core (7.2.0):
    - React-Core
    - React-RCTImage
    - React-RCTText
  - RNCAsyncStorage (1.12.1):
    - React-Core
  - RNFS (2.16.6):
    - React-Core
  - RNHasInternet (4.2.1):
    - React-Core
  - RNImageCropPicker (0.36.2):
    - React-Core
    - React-RCTImage
    - RNImageCropPicker/QBImagePickerController (= 0.36.2)
    - TOCropViewController
  - RNImageCropPicker/QBImagePickerController (0.36.2):
    - React-Core
    - React-RCTImage
    - TOCropViewController
  - RNLocalize (1.4.2):
    - React-Core
  - RNOS (2.2.1):
    - React-Core
  - RNVectorIcons (8.1.0):
    - React-Core
  - TOCropViewController (2.6.0)
  - Yoga (1.14.0)

DEPENDENCIES:
  - DoubleConversion (from `../node_modules/react-native/third-party-podspecs/DoubleConversion.podspec`)
  - FBLazyVector (from `../node_modules/react-native/Libraries/FBLazyVector`)
  - FBReactNativeSpec (from `../node_modules/react-native/Libraries/FBReactNativeSpec`)
  - Folly (from `../node_modules/react-native/third-party-podspecs/Folly.podspec`)
  - glog (from `../node_modules/react-native/third-party-podspecs/glog.podspec`)
  - nodejs-mobile-react-native (from `../node_modules/nodejs-mobile-react-native`)
  - RCTRequired (from `../node_modules/react-native/Libraries/RCTRequired`)
  - RCTSystemSetting (from `../node_modules/react-native-system-setting`)
  - RCTTypeSafety (from `../node_modules/react-native/Libraries/TypeSafety`)
  - React (from `../node_modules/react-native/`)
  - React-callinvoker (from `../node_modules/react-native/ReactCommon/callinvoker`)
  - React-Core (from `../node_modules/react-native/`)
  - React-Core/DevSupport (from `../node_modules/react-native/`)
  - React-Core/RCTWebSocket (from `../node_modules/react-native/`)
  - React-CoreModules (from `../node_modules/react-native/React/CoreModules`)
  - React-cxxreact (from `../node_modules/react-native/ReactCommon/cxxreact`)
  - React-jsi (from `../node_modules/react-native/ReactCommon/jsi`)
  - React-jsiexecutor (from `../node_modules/react-native/ReactCommon/jsiexecutor`)
  - React-jsinspector (from `../node_modules/react-native/ReactCommon/jsinspector`)
  - react-native-orientation-locker (from `../node_modules/react-native-orientation-locker`)
  - "react-native-slider (from `../node_modules/@react-native-community/slider`)"
  - react-native-splash-screen (from `../node_modules/react-native-splash-screen`)
  - React-RCTActionSheet (from `../node_modules/react-native/Libraries/ActionSheetIOS`)
  - React-RCTAnimation (from `../node_modules/react-native/Libraries/NativeAnimation`)
  - React-RCTBlob (from `../node_modules/react-native/Libraries/Blob`)
  - React-RCTImage (from `../node_modules/react-native/Libraries/Image`)
  - React-RCTLinking (from `../node_modules/react-native/Libraries/LinkingIOS`)
  - React-RCTNetwork (from `../node_modules/react-native/Libraries/Network`)
  - React-RCTSettings (from `../node_modules/react-native/Libraries/Settings`)
  - React-RCTText (from `../node_modules/react-native/Libraries/Text`)
  - React-RCTVibration (from `../node_modules/react-native/Libraries/Vibration`)
  - ReactCommon/turbomodule/core (from `../node_modules/react-native/ReactCommon`)
  - "ReactNativeART (from `../node_modules/@react-native-community/art`)"
  - "ReactNativeAudioToolkit (from `../node_modules/@staltz/react-native-audio-toolkit`)"
  - ReactNativeNavigation (from `../node_modules/react-native-navigation`)
  - "RNCAsyncStorage (from `../node_modules/@react-native-community/async-storage`)"
  - RNFS (from `../node_modules/react-native-fs`)
  - RNHasInternet (from `../node_modules/react-native-has-internet`)
  - RNImageCropPicker (from `../node_modules/react-native-image-crop-picker`)
  - RNLocalize (from `../node_modules/react-native-localize`)
  - RNOS (from `../node_modules/react-native-os-staltz/RNOS.podspec`)
  - RNVectorIcons (from `../node_modules/react-native-vector-icons`)
  - Yoga (from `../node_modules/react-native/ReactCommon/yoga`)

SPEC REPOS:
  trunk:
    - boost-for-react-native
    - TOCropViewController

EXTERNAL SOURCES:
  DoubleConversion:
    :podspec: "../node_modules/react-native/third-party-podspecs/DoubleConversion.podspec"
  FBLazyVector:
    :path: "../node_modules/react-native/Libraries/FBLazyVector"
  FBReactNativeSpec:
    :path: "../node_modules/react-native/Libraries/FBReactNativeSpec"
  Folly:
    :podspec: "../node_modules/react-native/third-party-podspecs/Folly.podspec"
  glog:
    :podspec: "../node_modules/react-native/third-party-podspecs/glog.podspec"
  nodejs-mobile-react-native:
    :path: "../node_modules/nodejs-mobile-react-native"
  RCTRequired:
    :path: "../node_modules/react-native/Libraries/RCTRequired"
  RCTSystemSetting:
    :path: "../node_modules/react-native-system-setting"
  RCTTypeSafety:
    :path: "../node_modules/react-native/Libraries/TypeSafety"
  React:
    :path: "../node_modules/react-native/"
  React-callinvoker:
    :path: "../node_modules/react-native/ReactCommon/callinvoker"
  React-Core:
    :path: "../node_modules/react-native/"
  React-CoreModules:
    :path: "../node_modules/react-native/React/CoreModules"
  React-cxxreact:
    :path: "../node_modules/react-native/ReactCommon/cxxreact"
  React-jsi:
    :path: "../node_modules/react-native/ReactCommon/jsi"
  React-jsiexecutor:
    :path: "../node_modules/react-native/ReactCommon/jsiexecutor"
  React-jsinspector:
    :path: "../node_modules/react-native/ReactCommon/jsinspector"
  react-native-orientation-locker:
    :path: "../node_modules/react-native-orientation-locker"
  react-native-slider:
    :path: "../node_modules/@react-native-community/slider"
  react-native-splash-screen:
    :path: "../node_modules/react-native-splash-screen"
  React-RCTActionSheet:
    :path: "../node_modules/react-native/Libraries/ActionSheetIOS"
  React-RCTAnimation:
    :path: "../node_modules/react-native/Libraries/NativeAnimation"
  React-RCTBlob:
    :path: "../node_modules/react-native/Libraries/Blob"
  React-RCTImage:
    :path: "../node_modules/react-native/Libraries/Image"
  React-RCTLinking:
    :path: "../node_modules/react-native/Libraries/LinkingIOS"
  React-RCTNetwork:
    :path: "../node_modules/react-native/Libraries/Network"
  React-RCTSettings:
    :path: "../node_modules/react-native/Libraries/Settings"
  React-RCTText:
    :path: "../node_modules/react-native/Libraries/Text"
  React-RCTVibration:
    :path: "../node_modules/react-native/Libraries/Vibration"
  ReactCommon:
    :path: "../node_modules/react-native/ReactCommon"
  ReactNativeART:
    :path: "../node_modules/@react-native-community/art"
  ReactNativeAudioToolkit:
    :path: "../node_modules/@staltz/react-native-audio-toolkit"
  ReactNativeNavigation:
    :path: "../node_modules/react-native-navigation"
  RNCAsyncStorage:
    :path: "../node_modules/@react-native-community/async-storage"
  RNFS:
    :path: "../node_modules/react-native-fs"
  RNHasInternet:
    :path: "../node_modules/react-native-has-internet"
  RNImageCropPicker:
    :path: "../node_modules/react-native-image-crop-picker"
  RNLocalize:
    :path: "../node_modules/react-native-localize"
  RNOS:
    :podspec: "../node_modules/react-native-os-staltz/RNOS.podspec"
  RNVectorIcons:
    :path: "../node_modules/react-native-vector-icons"
  Yoga:
    :path: "../node_modules/react-native/ReactCommon/yoga"

SPEC CHECKSUMS:
  boost-for-react-native: 39c7adb57c4e60d6c5479dd8623128eb5b3f0f2c
  DoubleConversion: cde416483dac037923206447da6e1454df403714
  FBLazyVector: 878b59e31113e289e275165efbe4b54fa614d43d
  FBReactNativeSpec: 7da9338acfb98d4ef9e5536805a0704572d33c2f
  Folly: b73c3869541e86821df3c387eb0af5f65addfab4
  glog: 40a13f7840415b9a77023fbcae0f1e6f43192af3
  nodejs-mobile-react-native: 3dd355cbb45e36c6dfc702dfd500be60b2e01d2a
  RCTRequired: 48884c74035a0b5b76dbb7a998bd93bcfc5f2047
  RCTSystemSetting: 16e300bf829262602427c57386f0b37e0f654a8c
  RCTTypeSafety: edf4b618033c2f1c5b7bc3d90d8e085ed95ba2ab
  React: f36e90f3ceb976546e97df3403e37d226f79d0e3
  React-callinvoker: 18874f621eb96625df7a24a7dc8d6e07391affcd
  React-Core: ac3d816b8e3493970153f4aaf0cff18af0bb95e6
  React-CoreModules: 4016d3a4e518bcfc4f5a51252b5a05692ca6f0e1
  React-cxxreact: ffc9129013b87cb36cf3f30a86695a3c397b0f99
  React-jsi: df07aa95b39c5be3e41199921509bfa929ed2b9d
  React-jsiexecutor: b56c03e61c0dd5f5801255f2160a815f4a53d451
  React-jsinspector: 8e68ffbfe23880d3ee9bafa8be2777f60b25cbe2
  react-native-orientation-locker: 998c0744e26624407dac068c04c605b4af7304a2
  react-native-slider: ffa2f979ffa81e29876f8adad58e8ed83de9d438
  react-native-splash-screen: 682081d0a8a59b78c991e0844fa4a43c9f668a6b
  React-RCTActionSheet: 53ea72699698b0b47a6421cb1c8b4ab215a774aa
  React-RCTAnimation: 1befece0b5183c22ae01b966f5583f42e69a83c2
  React-RCTBlob: 0b284339cbe4b15705a05e2313a51c6d8b51fa40
  React-RCTImage: d1756599ebd4dc2cb19d1682fe67c6b976658387
  React-RCTLinking: 9af0a51c6d6a4dd1674daadafffc6d03033a6d18
  React-RCTNetwork: 332c83929cc5eae0b3bbca4add1d668e1fc18bda
  React-RCTSettings: d6953772cfd55f2c68ad72b7ef29efc7ec49f773
  React-RCTText: 65a6de06a7389098ce24340d1d3556015c38f746
  React-RCTVibration: 8e9fb25724a0805107fc1acc9075e26f814df454
  ReactCommon: 4167844018c9ed375cc01a843e9ee564399e53c3
  ReactNativeART: 7ff01f7b22ae9fb2f14f61ee76b4e229e189374b
  ReactNativeAudioToolkit: de8c41a2e6c9bc081a6d4652fe876b3d6733f0d2
  ReactNativeNavigation: 2f6571c37eaeb7d472fe8a3779d49d7aae32e75a
  RNCAsyncStorage: cb9a623793918c6699586281f0b51cbc38f046f9
  RNFS: 7161a36db9bbdaab96d91fff660820f94e29ca58
  RNHasInternet: 16acb32cf35af8bcf2130bf3be9703abf93783ea
  RNImageCropPicker: 35a3ceb837446fa11547704709bb22b5fac6d584
  RNLocalize: 4071198b59b461f3b74eebc5fee8c50f13e39e79
  RNOS: 84f208c2e6b9c6da848ff0ef1a1163d1067bf4f6
  RNVectorIcons: 31cebfcf94e8cf8686eb5303ae0357da64d7a5a4
  TOCropViewController: 3105367e808b7d3d886a74ff59bf4804e7d3ab38
  Yoga: 7d13633d129fd179e01b8953d38d47be90db185a

PODFILE CHECKSUM: b6d26753b63afbd8fc9f19c4a9a04152ba88e718

COCOAPODS: 1.10.0
